{
  "name": "miniprogram-1",
  "lockfileVersion": 3,
  "requires": true,
  "packages": {
    "": {
      "dependencies": {
        "@vant/weapp": "^1.11.0",
        "goeasy": "^2.8.6"
      }
    },
    "node_modules/@vant/weapp": {
      "version": "1.11.0",
      "resolved": "https://registry.npmmirror.com/@vant/weapp/-/weapp-1.11.0.tgz",
      "integrity": "sha512-4m0w6H6VSYOXmTcTaoZPlTMCF8+dD0MdccBvM8UGXACkT8xuYlSBzHcttr089hpVknaaGoYn2zub1l3bzIv2Uw=="
    },
    "node_modules/goeasy": {
      "version": "2.8.6",
      "resolved": "https://registry.npmmirror.com/goeasy/-/goeasy-2.8.6.tgz",
      "integrity": "sha512-3LjDxmsRZmAGhVye5jbjEBQ8whZDOhU+E6q1//h96SCh55puAQvxA6IuuReIEpiOyYn71k597tnSp0WhEQZUEw=="
    }
  }
}
